
Microsoft Visual Studio Solution File, Format Version 12.00
# Visual Studio Version 16
VisualStudioVersion = 16.0.29215.179
MinimumVisualStudioVersion = 10.0.40219.1
Project("{FAE04EC0-301F-11D3-BF4B-00C04F79EFBC}") = "Vitec", "Vitec.csproj", "{F044D30E-4FCA-4E70-A9B0-25E88D909B68}"
EndProject
Project("{FAE04EC0-301F-11D3-BF4B-00C04F79EFBC}") = "VitecData", "..\VitecData\VitecData.csproj", "{A215B09F-B96B-4208-B4BB-8DD132D6F007}"
EndProject
Project("{FAE04EC0-301F-11D3-BF4B-00C04F79EFBC}") = "VitecServices", "..\VitecServices\VitecServices.csproj", "{D8AE1A56-F122-4998-AB57-1B6A1F5DED2F}"
EndProject
Global
	GlobalSection(SolutionConfigurationPlatforms) = preSolution
		Debug|Any CPU = Debug|Any CPU
		Release|Any CPU = Release|Any CPU
	EndGlobalSection
	GlobalSection(ProjectConfigurationPlatforms) = postSolution
		{F044D30E-4FCA-4E70-A9B0-25E88D909B68}.Debug|Any CPU.ActiveCfg = Debug|Any CPU
		{F044D30E-4FCA-4E70-A9B0-25E88D909B68}.Debug|Any CPU.Build.0 = Debug|Any CPU
		{F044D30E-4FCA-4E70-A9B0-25E88D909B68}.Release|Any CPU.ActiveCfg = Release|Any CPU
		{F044D30E-4FCA-4E70-A9B0-25E88D909B68}.Release|Any CPU.Build.0 = Release|Any CPU
		{A215B09F-B96B-4208-B4BB-8DD132D6F007}.Debug|Any CPU.ActiveCfg = Debug|Any CPU
		{A215B09F-B96B-4208-B4BB-8DD132D6F007}.Debug|Any CPU.Build.0 = Debug|Any CPU
		{A215B09F-B96B-4208-B4BB-8DD132D6F007}.Release|Any CPU.ActiveCfg = Release|Any CPU
		{A215B09F-B96B-4208-B4BB-8DD132D6F007}.Release|Any CPU.Build.0 = Release|Any CPU
		{D8AE1A56-F122-4998-AB57-1B6A1F5DED2F}.Debug|Any CPU.ActiveCfg = Debug|Any CPU
		{D8AE1A56-F122-4998-AB57-1B6A1F5DED2F}.Debug|Any CPU.Build.0 = Debug|Any CPU
		{D8AE1A56-F122-4998-AB57-1B6A1F5DED2F}.Release|Any CPU.ActiveCfg = Release|Any CPU
		{D8AE1A56-F122-4998-AB57-1B6A1F5DED2F}.Release|Any CPU.Build.0 = Release|Any CPU
	EndGlobalSection
	GlobalSection(SolutionProperties) = preSolution
		HideSolutionNode = FALSE
	EndGlobalSection
	GlobalSection(ExtensibilityGlobals) = postSolution
		SolutionGuid = {08F318C6-5315-4DD5-8BB9-DBF101AAABC8}
	EndGlobalSection
EndGlobal
